PODS:
  - AppAuth (1.7.6):
    - AppAuth/Core (= 1.7.6)
    - AppAuth/ExternalUserAgent (= 1.7.6)
  - AppAuth/Core (1.7.6)
  - AppAuth/ExternalUserAgent (1.7.6):
    - AppAuth/Core
  - Capacitor (7.4.4):
    - CapacitorCordova
  - CapacitorCommunityKeepAwake (7.1.0):
    - Capacitor
  - CapacitorCordova (7.4.4)
  - CapacitorDevice (7.0.3):
    - Capacitor
  - CapacitorHaptics (7.0.3):
    - Capacitor
  - CapacitorLocalNotifications (7.0.4):
    - Capacitor
  - CapacitorPreferences (7.0.3):
    - Capacitor
  - CapacitorScreenOrientation (7.0.3):
    - Capacitor
  - CaprockAppsCapacitorChromecast (7.0.6):
    - Capacitor
  - CodetrixStudioCapacitorGoogleAuth (0.0.1):
    - Capacitor
    - GoogleSignIn (~> 7.1)
  - GoogleSignIn (7.1.0):
    - AppAuth (< 2.0, >= 1.7.3)
    - GTMAppAuth (< 5.0, >= 4.1.1)
    - GTMSessionFetcher/Core (~> 3.3)
  - GTMAppAuth (4.1.1):
    - AppAuth/Core (~> 1.7)
    - GTMSessionFetcher/Core (< 4.0, >= 3.3)
  - GTMSessionFetcher/Core (3.5.0)

DEPENDENCIES:
  - "Capacitor (from `../../node_modules/@capacitor/ios`)"
  - "CapacitorCommunityKeepAwake (from `../../node_modules/@capacitor-community/keep-awake`)"
  - "CapacitorCordova (from `../../node_modules/@capacitor/ios`)"
  - "CapacitorDevice (from `../../node_modules/@capacitor/device`)"
  - "CapacitorHaptics (from `../../node_modules/@capacitor/haptics`)"
  - "CapacitorLocalNotifications (from `../../node_modules/@capacitor/local-notifications`)"
  - "CapacitorPreferences (from `../../node_modules/@capacitor/preferences`)"
  - "CapacitorScreenOrientation (from `../../node_modules/@capacitor/screen-orientation`)"
  - "CaprockAppsCapacitorChromecast (from `../../node_modules/@caprockapps/capacitor-chromecast`)"
  - "CodetrixStudioCapacitorGoogleAuth (from `../../node_modules/@codetrix-studio/capacitor-google-auth`)"

SPEC REPOS:
  trunk:
    - AppAuth
    - GoogleSignIn
    - GTMAppAuth
    - GTMSessionFetcher

EXTERNAL SOURCES:
  Capacitor:
    :path: "../../node_modules/@capacitor/ios"
  CapacitorCommunityKeepAwake:
    :path: "../../node_modules/@capacitor-community/keep-awake"
  CapacitorCordova:
    :path: "../../node_modules/@capacitor/ios"
  CapacitorDevice:
    :path: "../../node_modules/@capacitor/device"
  CapacitorHaptics:
    :path: "../../node_modules/@capacitor/haptics"
  CapacitorLocalNotifications:
    :path: "../../node_modules/@capacitor/local-notifications"
  CapacitorPreferences:
    :path: "../../node_modules/@capacitor/preferences"
  CapacitorScreenOrientation:
    :path: "../../node_modules/@capacitor/screen-orientation"
  CaprockAppsCapacitorChromecast:
    :path: "../../node_modules/@caprockapps/capacitor-chromecast"
  CodetrixStudioCapacitorGoogleAuth:
    :path: "../../node_modules/@codetrix-studio/capacitor-google-auth"

SPEC CHECKSUMS:
  AppAuth: d4f13a8fe0baf391b2108511793e4b479691fb73
  Capacitor: 358dd1c3fdd71d969547b17e159fd8a7736cb45f
  CapacitorCommunityKeepAwake: 05c75aab989f60e621870cf03b24a144a5544c30
  CapacitorCordova: bf648a636f3c153f652d312ae145fb508b6ffced
  CapacitorDevice: b64654eb4d404373e733c01d835055ba59286e5c
  CapacitorHaptics: ce15be8f287fa2c61c7d2d9e958885b90cf0bebc
  CapacitorLocalNotifications: ba2a08bd92887b08f352e6b2db430575cef0cea3
  CapacitorPreferences: 913eef88272c13eb6445b21e51fe8ef6635412cc
  CapacitorScreenOrientation: dbc5cb20775d43a8184830792808c71116b12d56
  CaprockAppsCapacitorChromecast: 1bde7717d370fd7391754901b42ef6fc7a02c229
  CodetrixStudioCapacitorGoogleAuth: 88ad04845b71e573d44237c15dd6a2345c8cdfcb
  GoogleSignIn: d4281ab6cf21542b1cfaff85c191f230b399d2db
  GTMAppAuth: f69bd07d68cd3b766125f7e072c45d7340dea0de
  GTMSessionFetcher: 5aea5ba6bd522a239e236100971f10cb71b96ab6

PODFILE CHECKSUM: cd6136228d8f8bcd12e79da4231a226d6630db33

COCOAPODS: 1.16.2
